
Microsoft Visual Studio Solution File, Format Version 12.00
# Visual Studio Version 17
VisualStudioVersion = 17.9.34728.123
MinimumVisualStudioVersion = 10.0.40219.1
Project("{FAE04EC0-301F-11D3-BF4B-00C04F79EFBC}") = "ManejoPresupuesto", "ManejoPresupuesto\ManejoPresupuesto.csproj", "{E9431261-9452-4B4D-8190-410F6102A16E}"
EndProject
Global
	GlobalSection(SolutionConfigurationPlatforms) = preSolution
		Debug|Any CPU = Debug|Any CPU
		Release|Any CPU = Release|Any CPU
	EndGlobalSection
	GlobalSection(ProjectConfigurationPlatforms) = postSolution
		{E9431261-9452-4B4D-8190-410F6102A16E}.Debug|Any CPU.ActiveCfg = Debug|Any CPU
		{E9431261-9452-4B4D-8190-410F6102A16E}.Debug|Any CPU.Build.0 = Debug|Any CPU
		{E9431261-9452-4B4D-8190-410F6102A16E}.Release|Any CPU.ActiveCfg = Release|Any CPU
		{E9431261-9452-4B4D-8190-410F6102A16E}.Release|Any CPU.Build.0 = Release|Any CPU
	EndGlobalSection
	GlobalSection(SolutionProperties) = preSolution
		HideSolutionNode = FALSE
	EndGlobalSection
	GlobalSection(ExtensibilityGlobals) = postSolution
		SolutionGuid = {1CE78B79-0AA8-4811-94E9-DCA4C5531666}
	EndGlobalSection
EndGlobal
